
Microsoft Visual Studio Solution File, Format Version 12.00
# Visual Studio 15
VisualStudioVersion = 15.0.27703.2035
MinimumVisualStudioVersion = 10.0.40219.1
Project("{9A19103F-16F7-4668-BE54-9A1E7A4F7556}") = "Arbor.Sorbus.Core", "src\Arbor.Sorbus.Core\Arbor.Sorbus.Core.csproj", "{A07675A6-26C9-4350-8F07-69CD5D8B47B7}"
EndProject
Project("{9A19103F-16F7-4668-BE54-9A1E7A4F7556}") = "Arbor.Sorbus.Tests.Integration", "tests\Arbor.Sorbus.Tests.Integration\Arbor.Sorbus.Tests.Integration.csproj", "{49FE5647-4EAF-4FAD-8DC8-B26C6206E0B7}"
EndProject
Project("{2150E333-8FDC-42A3-9474-1A3956D46DE8}") = "Solution Items", "Solution Items", "{0458A86D-DE78-472E-8AE7-194F02C720C1}"
	ProjectSection(SolutionItems) = preProject
		.gitattributes = .gitattributes
		.gitignore = .gitignore
		build\build.bat = build\build.bat
		License.txt = License.txt
		README.md = README.md
		version.json = version.json
	EndProjectSection
EndProject
Global
	GlobalSection(SolutionConfigurationPlatforms) = preSolution
		Debug|Any CPU = Debug|Any CPU
		Release|Any CPU = Release|Any CPU
	EndGlobalSection
	GlobalSection(ProjectConfigurationPlatforms) = postSolution
		{A07675A6-26C9-4350-8F07-69CD5D8B47B7}.Debug|Any CPU.ActiveCfg = Debug|Any CPU
		{A07675A6-26C9-4350-8F07-69CD5D8B47B7}.Debug|Any CPU.Build.0 = Debug|Any CPU
		{A07675A6-26C9-4350-8F07-69CD5D8B47B7}.Release|Any CPU.ActiveCfg = Release|Any CPU
		{A07675A6-26C9-4350-8F07-69CD5D8B47B7}.Release|Any CPU.Build.0 = Release|Any CPU
		{49FE5647-4EAF-4FAD-8DC8-B26C6206E0B7}.Debug|Any CPU.ActiveCfg = Debug|Any CPU
		{49FE5647-4EAF-4FAD-8DC8-B26C6206E0B7}.Debug|Any CPU.Build.0 = Debug|Any CPU
		{49FE5647-4EAF-4FAD-8DC8-B26C6206E0B7}.Release|Any CPU.ActiveCfg = Release|Any CPU
		{49FE5647-4EAF-4FAD-8DC8-B26C6206E0B7}.Release|Any CPU.Build.0 = Release|Any CPU
	EndGlobalSection
	GlobalSection(SolutionProperties) = preSolution
		HideSolutionNode = FALSE
	EndGlobalSection
	GlobalSection(ExtensibilityGlobals) = postSolution
		SolutionGuid = {7687DF82-66A2-4C03-A516-7F4804E6CD47}
	EndGlobalSection
EndGlobal
